
Microsoft Visual Studio Solution File, Format Version 12.00
# Visual Studio Version 16
VisualStudioVersion = 16.0.30320.27
MinimumVisualStudioVersion = 10.0.40219.1
Project("{FAE04EC0-301F-11D3-BF4B-00C04F79EFBC}") = "SherbetUniversalReturn", "SherbetUniversalReturn\SherbetUniversalReturn.csproj", "{0A4AAC73-CDA2-45EE-AA2E-7B82BE386DEB}"
EndProject
Global
	GlobalSection(SolutionConfigurationPlatforms) = preSolution
		Debug|Any CPU = Debug|Any CPU
		Release|Any CPU = Release|Any CPU
	EndGlobalSection
	GlobalSection(ProjectConfigurationPlatforms) = postSolution
		{0A4AAC73-CDA2-45EE-AA2E-7B82BE386DEB}.Debug|Any CPU.ActiveCfg = Debug|Any CPU
		{0A4AAC73-CDA2-45EE-AA2E-7B82BE386DEB}.Debug|Any CPU.Build.0 = Debug|Any CPU
		{0A4AAC73-CDA2-45EE-AA2E-7B82BE386DEB}.Release|Any CPU.ActiveCfg = Release|Any CPU
		{0A4AAC73-CDA2-45EE-AA2E-7B82BE386DEB}.Release|Any CPU.Build.0 = Release|Any CPU
	EndGlobalSection
	GlobalSection(SolutionProperties) = preSolution
		HideSolutionNode = FALSE
	EndGlobalSection
	GlobalSection(ExtensibilityGlobals) = postSolution
		SolutionGuid = {12AA7420-5207-43E1-B0C1-2ED430392BDA}
	EndGlobalSection
EndGlobal
